
Microsoft Visual Studio Solution File, Format Version 12.00
# Visual Studio Version 17
VisualStudioVersion = 17.11.35222.181
MinimumVisualStudioVersion = 10.0.40219.1
Project("{FAE04EC0-301F-11D3-BF4B-00C04F79EFBC}") = "ThreadPrio", "ThreadPrio\ThreadPrio.csproj", "{7943B0DC-350D-418C-B3D6-ECA7C8D88ABD}"
EndProject
Global
	GlobalSection(SolutionConfigurationPlatforms) = preSolution
		Debug|Any CPU = Debug|Any CPU
		Release|Any CPU = Release|Any CPU
	EndGlobalSection
	GlobalSection(ProjectConfigurationPlatforms) = postSolution
		{7943B0DC-350D-418C-B3D6-ECA7C8D88ABD}.Debug|Any CPU.ActiveCfg = Debug|Any CPU
		{7943B0DC-350D-418C-B3D6-ECA7C8D88ABD}.Debug|Any CPU.Build.0 = Debug|Any CPU
		{7943B0DC-350D-418C-B3D6-ECA7C8D88ABD}.Release|Any CPU.ActiveCfg = Release|Any CPU
		{7943B0DC-350D-418C-B3D6-ECA7C8D88ABD}.Release|Any CPU.Build.0 = Release|Any CPU
	EndGlobalSection
	GlobalSection(SolutionProperties) = preSolution
		HideSolutionNode = FALSE
	EndGlobalSection
	GlobalSection(ExtensibilityGlobals) = postSolution
		SolutionGuid = {39377CA2-402F-498B-A82D-5FE5A6091155}
	EndGlobalSection
EndGlobal
